version = 1
revision = 3
requires-python = ">=3.12"

[[package]]
name = "py4j"
version = "0.10.9.9"
source = { registry = "https://pypi.org/simple" }
sdist = { url = "https://files.pythonhosted.org/packages/38/31/0b210511177070c8d5d3059556194352e5753602fa64b85b7ab81ec1a009/py4j-0.10.9.9.tar.gz", hash = "sha256:f694cad19efa5bd1dee4f3e5270eb406613c974394035e5bfc4ec1aba870b879", size = 761089, upload-time = "2025-01-15T03:53:18.624Z" }
wheels = [
    { url = "https://files.pythonhosted.org/packages/bd/db/ea0203e495be491c85af87b66e37acfd3bf756fd985f87e46fc5e3bf022c/py4j-0.10.9.9-py2.py3-none-any.whl", hash = "sha256:c7c26e4158defb37b0bb124933163641a2ff6e3a3913f7811b0ddbe07ed61533", size = 203008, upload-time = "2025-01-15T03:53:15.648Z" },
]

[[package]]
name = "pyspark"
version = "4.0.0"
source = { registry = "https://pypi.org/simple" }
dependencies = [
    { name = "py4j" },
]
sdist = { url = "https://files.pythonhosted.org/packages/9d/0e/5b38d51f1b1c2618cccfbf35093268665af9a3bdb493e5a3ecd991def633/pyspark-4.0.0.tar.gz", hash = "sha256:38db1b4f6095a080d7605e578d775528990e66dc326311d93e94a71cfc24e5a5", size = 434132212, upload-time = "2025-05-23T03:29:33.916Z" }

[[package]]
name = "spark-optimisation"
version = "0.1.0"
source = { virtual = "." }
dependencies = [
    { name = "pyspark" },
]

[package.metadata]
requires-dist = [{ name = "pyspark", specifier = ">=4.0.0" }]
